
Microsoft Visual Studio Solution File, Format Version 12.00
# Visual Studio 15
VisualStudioVersion = 15.0.28307.645
MinimumVisualStudioVersion = 10.0.40219.1
Project("{FAE04EC0-301F-11D3-BF4B-00C04F79EFBC}") = "ArcGISFormsApp1", "ArcGISFormsApp1\ArcGISFormsApp1.csproj", "{4EB04AEC-01E6-4F8D-9AA1-2FC3EEA920F1}"
EndProject
Global
	GlobalSection(SolutionConfigurationPlatforms) = preSolution
		Debug|Any CPU = Debug|Any CPU
		Debug|x86 = Debug|x86
		Release|Any CPU = Release|Any CPU
		Release|x86 = Release|x86
	EndGlobalSection
	GlobalSection(ProjectConfigurationPlatforms) = postSolution
		{4EB04AEC-01E6-4F8D-9AA1-2FC3EEA920F1}.Debug|Any CPU.ActiveCfg = Debug|Any CPU
		{4EB04AEC-01E6-4F8D-9AA1-2FC3EEA920F1}.Debug|Any CPU.Build.0 = Debug|Any CPU
		{4EB04AEC-01E6-4F8D-9AA1-2FC3EEA920F1}.Debug|x86.ActiveCfg = Debug|Any CPU
		{4EB04AEC-01E6-4F8D-9AA1-2FC3EEA920F1}.Debug|x86.Build.0 = Debug|Any CPU
		{4EB04AEC-01E6-4F8D-9AA1-2FC3EEA920F1}.Release|Any CPU.ActiveCfg = Release|Any CPU
		{4EB04AEC-01E6-4F8D-9AA1-2FC3EEA920F1}.Release|Any CPU.Build.0 = Release|Any CPU
		{4EB04AEC-01E6-4F8D-9AA1-2FC3EEA920F1}.Release|x86.ActiveCfg = Release|Any CPU
		{4EB04AEC-01E6-4F8D-9AA1-2FC3EEA920F1}.Release|x86.Build.0 = Release|Any CPU
	EndGlobalSection
	GlobalSection(SolutionProperties) = preSolution
		HideSolutionNode = FALSE
	EndGlobalSection
	GlobalSection(ExtensibilityGlobals) = postSolution
		SolutionGuid = {BB695502-A149-4721-8E4C-FBD974EF0836}
	EndGlobalSection
EndGlobal
